
Microsoft Visual Studio Solution File, Format Version 12.00
# Visual Studio Version 16
VisualStudioVersion = 16.0.29411.108
MinimumVisualStudioVersion = 10.0.40219.1
Project("{9A19103F-16F7-4668-BE54-9A1E7A4F7556}") = "Leap", "Leap.csproj", "{DA378C8D-055B-4E28-A44E-7889FB5B8D7A}"
EndProject
Global
	GlobalSection(SolutionConfigurationPlatforms) = preSolution
		Debug|Any CPU = Debug|Any CPU
		Release|Any CPU = Release|Any CPU
	EndGlobalSection
	GlobalSection(ProjectConfigurationPlatforms) = postSolution
		{DA378C8D-055B-4E28-A44E-7889FB5B8D7A}.Debug|Any CPU.ActiveCfg = Debug|Any CPU
		{DA378C8D-055B-4E28-A44E-7889FB5B8D7A}.Debug|Any CPU.Build.0 = Debug|Any CPU
		{DA378C8D-055B-4E28-A44E-7889FB5B8D7A}.Release|Any CPU.ActiveCfg = Release|Any CPU
		{DA378C8D-055B-4E28-A44E-7889FB5B8D7A}.Release|Any CPU.Build.0 = Release|Any CPU
	EndGlobalSection
	GlobalSection(SolutionProperties) = preSolution
		HideSolutionNode = FALSE
	EndGlobalSection
	GlobalSection(ExtensibilityGlobals) = postSolution
		SolutionGuid = {3EB67718-25BB-4800-934C-A925A41D9B30}
	EndGlobalSection
EndGlobal
