
Microsoft Visual Studio Solution File, Format Version 12.00
# Visual Studio Version 16
VisualStudioVersion = 16.0.29411.108
MinimumVisualStudioVersion = 10.0.40219.1
Project("{9A19103F-16F7-4668-BE54-9A1E7A4F7556}") = "Gigasecond", "Gigasecond.csproj", "{5175D430-9859-40F1-8587-BD352BEE0588}"
EndProject
Global
	GlobalSection(SolutionConfigurationPlatforms) = preSolution
		Debug|Any CPU = Debug|Any CPU
		Release|Any CPU = Release|Any CPU
	EndGlobalSection
	GlobalSection(ProjectConfigurationPlatforms) = postSolution
		{5175D430-9859-40F1-8587-BD352BEE0588}.Debug|Any CPU.ActiveCfg = Debug|Any CPU
		{5175D430-9859-40F1-8587-BD352BEE0588}.Debug|Any CPU.Build.0 = Debug|Any CPU
		{5175D430-9859-40F1-8587-BD352BEE0588}.Release|Any CPU.ActiveCfg = Release|Any CPU
		{5175D430-9859-40F1-8587-BD352BEE0588}.Release|Any CPU.Build.0 = Release|Any CPU
	EndGlobalSection
	GlobalSection(SolutionProperties) = preSolution
		HideSolutionNode = FALSE
	EndGlobalSection
	GlobalSection(ExtensibilityGlobals) = postSolution
		SolutionGuid = {67040616-C87F-433A-B6AB-ED038D2759D4}
	EndGlobalSection
EndGlobal
