
Microsoft Visual Studio Solution File, Format Version 12.00
# Visual Studio Version 16
VisualStudioVersion = 16.0.29411.108
MinimumVisualStudioVersion = 10.0.40219.1
Project("{9A19103F-16F7-4668-BE54-9A1E7A4F7556}") = "SpaceAge", "SpaceAge.csproj", "{7AD09C3B-DEC1-42C9-BCDD-A241C8FA3AA0}"
EndProject
Global
	GlobalSection(SolutionConfigurationPlatforms) = preSolution
		Debug|Any CPU = Debug|Any CPU
		Release|Any CPU = Release|Any CPU
	EndGlobalSection
	GlobalSection(ProjectConfigurationPlatforms) = postSolution
		{7AD09C3B-DEC1-42C9-BCDD-A241C8FA3AA0}.Debug|Any CPU.ActiveCfg = Debug|Any CPU
		{7AD09C3B-DEC1-42C9-BCDD-A241C8FA3AA0}.Debug|Any CPU.Build.0 = Debug|Any CPU
		{7AD09C3B-DEC1-42C9-BCDD-A241C8FA3AA0}.Release|Any CPU.ActiveCfg = Release|Any CPU
		{7AD09C3B-DEC1-42C9-BCDD-A241C8FA3AA0}.Release|Any CPU.Build.0 = Release|Any CPU
	EndGlobalSection
	GlobalSection(SolutionProperties) = preSolution
		HideSolutionNode = FALSE
	EndGlobalSection
	GlobalSection(ExtensibilityGlobals) = postSolution
		SolutionGuid = {C3ED35DA-0883-4235-9D7A-58EE4A06554D}
	EndGlobalSection
EndGlobal
